
Microsoft Visual Studio Solution File, Format Version 12.00
# Visual Studio Version 16
VisualStudioVersion = 16.0.30717.126
MinimumVisualStudioVersion = 10.0.40219.1
Project("{FAE04EC0-301F-11D3-BF4B-00C04F79EFBC}") = "ReportBulletinboard", "ReportBulletinboard\ReportBulletinboard.csproj", "{879F6F78-CA68-49F3-BCAC-3B71D4C93BDA}"
EndProject
Global
	GlobalSection(SolutionConfigurationPlatforms) = preSolution
		Debug|Any CPU = Debug|Any CPU
		Release|Any CPU = Release|Any CPU
	EndGlobalSection
	GlobalSection(ProjectConfigurationPlatforms) = postSolution
		{879F6F78-CA68-49F3-BCAC-3B71D4C93BDA}.Debug|Any CPU.ActiveCfg = Debug|Any CPU
		{879F6F78-CA68-49F3-BCAC-3B71D4C93BDA}.Debug|Any CPU.Build.0 = Debug|Any CPU
		{879F6F78-CA68-49F3-BCAC-3B71D4C93BDA}.Release|Any CPU.ActiveCfg = Release|Any CPU
		{879F6F78-CA68-49F3-BCAC-3B71D4C93BDA}.Release|Any CPU.Build.0 = Release|Any CPU
	EndGlobalSection
	GlobalSection(SolutionProperties) = preSolution
		HideSolutionNode = FALSE
	EndGlobalSection
	GlobalSection(ExtensibilityGlobals) = postSolution
		SolutionGuid = {98E2C46D-C1CE-4CBE-84A0-0370E4EDC846}
	EndGlobalSection
EndGlobal
